
Microsoft Visual Studio Solution File, Format Version 12.00
# Visual Studio Version 17
VisualStudioVersion = 17.7.34031.279
MinimumVisualStudioVersion = 10.0.40219.1
Project("{FAE04EC0-301F-11D3-BF4B-00C04F79EFBC}") = "2.draw a shape", "2.draw a shape.csproj", "{13C42797-8B1A-47C4-98D6-322C31342095}"
EndProject
Global
	GlobalSection(SolutionConfigurationPlatforms) = preSolution
		Debug|Any CPU = Debug|Any CPU
		Release|Any CPU = Release|Any CPU
	EndGlobalSection
	GlobalSection(ProjectConfigurationPlatforms) = postSolution
		{13C42797-8B1A-47C4-98D6-322C31342095}.Debug|Any CPU.ActiveCfg = Debug|Any CPU
		{13C42797-8B1A-47C4-98D6-322C31342095}.Debug|Any CPU.Build.0 = Debug|Any CPU
		{13C42797-8B1A-47C4-98D6-322C31342095}.Release|Any CPU.ActiveCfg = Release|Any CPU
		{13C42797-8B1A-47C4-98D6-322C31342095}.Release|Any CPU.Build.0 = Release|Any CPU
	EndGlobalSection
	GlobalSection(SolutionProperties) = preSolution
		HideSolutionNode = FALSE
	EndGlobalSection
	GlobalSection(ExtensibilityGlobals) = postSolution
		SolutionGuid = {E6F2BEF8-F006-4A30-8AA8-6B2CA32A51ED}
	EndGlobalSection
EndGlobal
